
Microsoft Visual Studio Solution File, Format Version 12.00
Project("{2150E333-8FDC-42A3-9474-1A3956D46DE8}") = "src", "src", "{7717C4B4-1375-4F7E-9048-B10CA363C498}"
EndProject
Project("{2150E333-8FDC-42A3-9474-1A3956D46DE8}") = "tests", "tests", "{073739C0-9F6A-4861-982E-EAF8E1285091}"
EndProject
Project("{2150E333-8FDC-42A3-9474-1A3956D46DE8}") = "Core", "Core", "{D46856CF-E872-4A05-BD8D-324698D089B7}"
EndProject
Project("{2150E333-8FDC-42A3-9474-1A3956D46DE8}") = "External", "External", "{826ED866-154D-4CA8-A001-BFDFB522D07A}"
EndProject
Project("{FAE04EC0-301F-11D3-BF4B-00C04F79EFBC}") = "DailyDiary.Domain", "DailyDiary.Domain\DailyDiary.Domain.csproj", "{96ADD9B3-C46D-4297-BA65-5AA7AA242862}"
EndProject
Project("{FAE04EC0-301F-11D3-BF4B-00C04F79EFBC}") = "Domain.UniTest", "Domain.UniTest\Domain.UniTest.csproj", "{81D26177-3306-4B64-B547-7E2575C3898F}"
EndProject
Project("{FAE04EC0-301F-11D3-BF4B-00C04F79EFBC}") = "DailyDiary.API", "DailyDiary.API\DailyDiary.API.csproj", "{4A5ADAD1-AAD9-4CBD-8434-422F957DAFD1}"
EndProject
Project("{FAE04EC0-301F-11D3-BF4B-00C04F79EFBC}") = "DailyDiary.Infrastructure", "DailyDiary.Infrastructure\DailyDiary.Infrastructure.csproj", "{2265285D-980D-4FB8-B380-F9C6C93EDC74}"
EndProject
Project("{FAE04EC0-301F-11D3-BF4B-00C04F79EFBC}") = "DailyDiary.Infrastructure.Persistence", "DailyDiary.Infrastructure.Persistence\DailyDiary.Infrastructure.Persistence.csproj", "{757767CF-B8CF-4421-AF5D-E18EF1B8F8EE}"
EndProject
Project("{FAE04EC0-301F-11D3-BF4B-00C04F79EFBC}") = "DailyDiary.Application", "DailyDiary.Application\DailyDiary.Application.csproj", "{88FA41C7-9F85-4A78-AC98-8C75E4D57ADC}"
EndProject
Global
	GlobalSection(SolutionConfigurationPlatforms) = preSolution
		Debug|Any CPU = Debug|Any CPU
		Release|Any CPU = Release|Any CPU
	EndGlobalSection
	GlobalSection(NestedProjects) = preSolution
		{D46856CF-E872-4A05-BD8D-324698D089B7} = {7717C4B4-1375-4F7E-9048-B10CA363C498}
		{826ED866-154D-4CA8-A001-BFDFB522D07A} = {7717C4B4-1375-4F7E-9048-B10CA363C498}
		{96ADD9B3-C46D-4297-BA65-5AA7AA242862} = {D46856CF-E872-4A05-BD8D-324698D089B7}
		{81D26177-3306-4B64-B547-7E2575C3898F} = {073739C0-9F6A-4861-982E-EAF8E1285091}
		{4A5ADAD1-AAD9-4CBD-8434-422F957DAFD1} = {826ED866-154D-4CA8-A001-BFDFB522D07A}
		{2265285D-980D-4FB8-B380-F9C6C93EDC74} = {826ED866-154D-4CA8-A001-BFDFB522D07A}
		{757767CF-B8CF-4421-AF5D-E18EF1B8F8EE} = {826ED866-154D-4CA8-A001-BFDFB522D07A}
		{88FA41C7-9F85-4A78-AC98-8C75E4D57ADC} = {D46856CF-E872-4A05-BD8D-324698D089B7}
	EndGlobalSection
	GlobalSection(ProjectConfigurationPlatforms) = postSolution
		{96ADD9B3-C46D-4297-BA65-5AA7AA242862}.Debug|Any CPU.ActiveCfg = Debug|Any CPU
		{96ADD9B3-C46D-4297-BA65-5AA7AA242862}.Debug|Any CPU.Build.0 = Debug|Any CPU
		{96ADD9B3-C46D-4297-BA65-5AA7AA242862}.Release|Any CPU.ActiveCfg = Release|Any CPU
		{96ADD9B3-C46D-4297-BA65-5AA7AA242862}.Release|Any CPU.Build.0 = Release|Any CPU
		{81D26177-3306-4B64-B547-7E2575C3898F}.Debug|Any CPU.ActiveCfg = Debug|Any CPU
		{81D26177-3306-4B64-B547-7E2575C3898F}.Debug|Any CPU.Build.0 = Debug|Any CPU
		{81D26177-3306-4B64-B547-7E2575C3898F}.Release|Any CPU.ActiveCfg = Release|Any CPU
		{81D26177-3306-4B64-B547-7E2575C3898F}.Release|Any CPU.Build.0 = Release|Any CPU
		{4A5ADAD1-AAD9-4CBD-8434-422F957DAFD1}.Debug|Any CPU.ActiveCfg = Debug|Any CPU
		{4A5ADAD1-AAD9-4CBD-8434-422F957DAFD1}.Debug|Any CPU.Build.0 = Debug|Any CPU
		{4A5ADAD1-AAD9-4CBD-8434-422F957DAFD1}.Release|Any CPU.ActiveCfg = Release|Any CPU
		{4A5ADAD1-AAD9-4CBD-8434-422F957DAFD1}.Release|Any CPU.Build.0 = Release|Any CPU
		{2265285D-980D-4FB8-B380-F9C6C93EDC74}.Debug|Any CPU.ActiveCfg = Debug|Any CPU
		{2265285D-980D-4FB8-B380-F9C6C93EDC74}.Debug|Any CPU.Build.0 = Debug|Any CPU
		{2265285D-980D-4FB8-B380-F9C6C93EDC74}.Release|Any CPU.ActiveCfg = Release|Any CPU
		{2265285D-980D-4FB8-B380-F9C6C93EDC74}.Release|Any CPU.Build.0 = Release|Any CPU
		{757767CF-B8CF-4421-AF5D-E18EF1B8F8EE}.Debug|Any CPU.ActiveCfg = Debug|Any CPU
		{757767CF-B8CF-4421-AF5D-E18EF1B8F8EE}.Debug|Any CPU.Build.0 = Debug|Any CPU
		{757767CF-B8CF-4421-AF5D-E18EF1B8F8EE}.Release|Any CPU.ActiveCfg = Release|Any CPU
		{757767CF-B8CF-4421-AF5D-E18EF1B8F8EE}.Release|Any CPU.Build.0 = Release|Any CPU
		{88FA41C7-9F85-4A78-AC98-8C75E4D57ADC}.Debug|Any CPU.ActiveCfg = Debug|Any CPU
		{88FA41C7-9F85-4A78-AC98-8C75E4D57ADC}.Debug|Any CPU.Build.0 = Debug|Any CPU
		{88FA41C7-9F85-4A78-AC98-8C75E4D57ADC}.Release|Any CPU.ActiveCfg = Release|Any CPU
		{88FA41C7-9F85-4A78-AC98-8C75E4D57ADC}.Release|Any CPU.Build.0 = Release|Any CPU
	EndGlobalSection
EndGlobal
